<?xml version="1.0" encoding="utf-8"?>
<Project ToolsVersion="4.0" xmlns="http://schemas.microsoft.com/developer/msbuild/2003">
  <ItemGroup>
    <Filter Include="Source Files">
      <UniqueIdentifier>{4FC737F1-C7A5-4376-A066-2A32D752A2FF}</UniqueIdentifier>
      <Extensions>cpp;c;cc;cxx;def;odl;idl;hpj;bat;asm;asmx</Extensions>
    </Filter>
    <Filter Include="Header Files">
      <UniqueIdentifier>{93995380-89BD-4b04-88EB-625FBE52EBFB}</UniqueIdentifier>
      <Extensions>h;hh;hpp;hxx;hm;inl;inc;ipp;xsd</Extensions>
    </Filter>
    <Filter Include="Resource Files">
      <UniqueIdentifier>{67DA6AB6-F800-4c08-8B7A-83BB121AAD01}</UniqueIdentifier>
      <Extensions>rc;ico;cur;bmp;dlg;rc2;rct;bin;rgs;gif;jpg;jpeg;jpe;resx;tiff;tif;png;wav;mfcribbon-ms</Extensions>
    </Filter>
    <Filter Include="json">
      <UniqueIdentifier>{280b6176-3329-4a45-abe1-ede4b9a9106c}</UniqueIdentifier>
    </Filter>
    <Filter Include="shape">
      <UniqueIdentifier>{798ffd02-8a36-42ab-b355-1bb64f374296}</UniqueIdentifier>
    </Filter>
    <Filter Include="shape_serializers">
      <UniqueIdentifier>{6d01cbb9-8b17-4f71-abea-79dc6bcba16f}</UniqueIdentifier>
    </Filter>
    <Filter Include="utils">
      <UniqueIdentifier>{899ebf64-9ad5-45d4-8c9b-9e4c747e8143}</UniqueIdentifier>
    </Filter>
  </ItemGroup>
  <ItemGroup>
    <ClInclude Include="stdafx.h">
      <Filter>Header Files</Filter>
    </ClInclude>
    <ClInclude Include="targetver.h">
      <Filter>Header Files</Filter>
    </ClInclude>
    <ClInclude Include="json\json_adapter.h">
      <Filter>json</Filter>
    </ClInclude>
    <ClInclude Include="json\json_lexer.h">
      <Filter>json</Filter>
    </ClInclude>
    <ClInclude Include="json\json_reader.h">
      <Filter>json</Filter>
    </ClInclude>
    <ClInclude Include="json\json_writer.h">
      <Filter>json</Filter>
    </ClInclude>
    <ClInclude Include="Shape.h">
      <Filter>shape</Filter>
    </ClInclude>
    <ClInclude Include="Color.h">
      <Filter>Header Files</Filter>
    </ClInclude>
    <ClInclude Include="Point.h">
      <Filter>Header Files</Filter>
    </ClInclude>
    <ClInclude Include="Rectangle.h">
      <Filter>shape</Filter>
    </ClInclude>
    <ClInclude Include="json\platform_selector.h">
      <Filter>json</Filter>
    </ClInclude>
    <ClInclude Include="json\stringer.h">
      <Filter>json</Filter>
    </ClInclude>
    <ClInclude Include="RectangleSerializer.h">
      <Filter>shape_serializers</Filter>
    </ClInclude>
    <ClInclude Include="Shapes.h">
      <Filter>shape</Filter>
    </ClInclude>
    <ClInclude Include="ShapeSerializers.h">
      <Filter>shape_serializers</Filter>
    </ClInclude>
    <ClInclude Include="ColorSerializer.h">
      <Filter>shape_serializers</Filter>
    </ClInclude>
    <ClInclude Include="MapEnum.h">
      <Filter>utils</Filter>
    </ClInclude>
    <ClInclude Include="PointSerializer.h">
      <Filter>shape_serializers</Filter>
    </ClInclude>
    <ClInclude Include="IShapeFactory.h">
      <Filter>Header Files</Filter>
    </ClInclude>
    <ClInclude Include="ShapeFactory.h">
      <Filter>Header Files</Filter>
    </ClInclude>
    <ClInclude Include="ShapeType.h">
      <Filter>shape</Filter>
    </ClInclude>
    <ClInclude Include="IDesigner.h">
      <Filter>Header Files</Filter>
    </ClInclude>
    <ClInclude Include="CDesigner.h">
      <Filter>Header Files</Filter>
    </ClInclude>
    <ClInclude Include="PictureDraft.h">
      <Filter>Header Files</Filter>
    </ClInclude>
  </ItemGroup>
  <ItemGroup>
    <ClCompile Include="stdafx.cpp">
      <Filter>Source Files</Filter>
    </ClCompile>
    <ClCompile Include="Shape.cpp">
      <Filter>shape</Filter>
    </ClCompile>
    <ClCompile Include="Rectangle.cpp">
      <Filter>shape</Filter>
    </ClCompile>
    <ClCompile Include="RectangleSerializer.cpp">
      <Filter>shape_serializers</Filter>
    </ClCompile>
    <ClCompile Include="ColorSerializer.cpp">
      <Filter>shape_serializers</Filter>
    </ClCompile>
    <ClCompile Include="PointSerializer.cpp">
      <Filter>shape_serializers</Filter>
    </ClCompile>
    <ClCompile Include="ShapeFactory.cpp">
      <Filter>Source Files</Filter>
    </ClCompile>
    <ClCompile Include="CDesigner.cpp">
      <Filter>Source Files</Filter>
    </ClCompile>
    <ClCompile Include="PictureDraft.cpp">
      <Filter>Source Files</Filter>
    </ClCompile>
  </ItemGroup>
</Project>