<?xml version="1.0" encoding="utf-8"?>
<Project ToolsVersion="4.0" xmlns="http://schemas.microsoft.com/developer/msbuild/2003">
  <ItemGroup>
    <Filter Include="Source Files">
      <UniqueIdentifier>{4FC737F1-C7A5-4376-A066-2A32D752A2FF}</UniqueIdentifier>
      <Extensions>cpp;c;cc;cxx;def;odl;idl;hpj;bat;asm;asmx</Extensions>
    </Filter>
    <Filter Include="Header Files">
      <UniqueIdentifier>{93995380-89BD-4b04-88EB-625FBE52EBFB}</UniqueIdentifier>
      <Extensions>h;hh;hpp;hxx;hm;inl;inc;ipp;xsd</Extensions>
    </Filter>
    <Filter Include="Resource Files">
      <UniqueIdentifier>{67DA6AB6-F800-4c08-8B7A-83BB121AAD01}</UniqueIdentifier>
      <Extensions>rc;ico;cur;bmp;dlg;rc2;rct;bin;rgs;gif;jpg;jpeg;jpe;resx;tiff;tif;png;wav;mfcribbon-ms</Extensions>
    </Filter>
    <Filter Include="document">
      <UniqueIdentifier>{2247ba65-6997-474c-ba47-8bc1328c3c45}</UniqueIdentifier>
    </Filter>
    <Filter Include="command_parser">
      <UniqueIdentifier>{574d4914-3702-41f1-b3b5-685238e6260e}</UniqueIdentifier>
    </Filter>
    <Filter Include="input_command">
      <UniqueIdentifier>{ed2e4c29-43f4-462e-9905-7577e5f4e095}</UniqueIdentifier>
    </Filter>
    <Filter Include="utils">
      <UniqueIdentifier>{435f9ff6-3b92-40d6-ba45-9a97cf2e7ece}</UniqueIdentifier>
    </Filter>
    <Filter Include="document\command">
      <UniqueIdentifier>{b32a2c77-b788-47d9-84c6-d23d866225d0}</UniqueIdentifier>
    </Filter>
    <Filter Include="resources">
      <UniqueIdentifier>{cfb91158-a106-4f3a-bb4d-197c4f7f7fd2}</UniqueIdentifier>
    </Filter>
    <Filter Include="document\html">
      <UniqueIdentifier>{c5f7f24a-c0f2-4287-a0fc-4c8b15354628}</UniqueIdentifier>
    </Filter>
  </ItemGroup>
  <ItemGroup>
    <ClInclude Include="stdafx.h">
      <Filter>Header Files</Filter>
    </ClInclude>
    <ClInclude Include="targetver.h">
      <Filter>Header Files</Filter>
    </ClInclude>
    <ClInclude Include="InputCommand.h">
      <Filter>input_command</Filter>
    </ClInclude>
    <ClInclude Include="IDocument.h">
      <Filter>document</Filter>
    </ClInclude>
    <ClInclude Include="ConstDocumentItem.h">
      <Filter>document</Filter>
    </ClInclude>
    <ClInclude Include="DocumentItem.h">
      <Filter>document</Filter>
    </ClInclude>
    <ClInclude Include="IImage.h">
      <Filter>document</Filter>
    </ClInclude>
    <ClInclude Include="IParagraph.h">
      <Filter>document</Filter>
    </ClInclude>
    <ClInclude Include="Document.h">
      <Filter>document</Filter>
    </ClInclude>
    <ClInclude Include="MapEnum.h">
      <Filter>utils</Filter>
    </ClInclude>
    <ClInclude Include="InsertParagraphInputCommand.h">
      <Filter>input_command</Filter>
    </ClInclude>
    <ClInclude Include="InsertParagraphCommandParser.h">
      <Filter>command_parser</Filter>
    </ClInclude>
    <ClInclude Include="InputCommandParser.h">
      <Filter>command_parser</Filter>
    </ClInclude>
    <ClInclude Include="PositionParser.h">
      <Filter>command_parser</Filter>
    </ClInclude>
    <ClInclude Include="InsertImageInputCommand.h">
      <Filter>input_command</Filter>
    </ClInclude>
    <ClInclude Include="InsertImageCommandParser.h">
      <Filter>command_parser</Filter>
    </ClInclude>
    <ClInclude Include="SetTitleCommandParser.h">
      <Filter>command_parser</Filter>
    </ClInclude>
    <ClInclude Include="SetTitleInputCommand.h">
      <Filter>input_command</Filter>
    </ClInclude>
    <ClInclude Include="CommandParser.h">
      <Filter>command_parser</Filter>
    </ClInclude>
    <ClInclude Include="ReplaceTextInputCommand.h">
      <Filter>input_command</Filter>
    </ClInclude>
    <ClInclude Include="ResizeImageInputCommand.h">
      <Filter>input_command</Filter>
    </ClInclude>
    <ClInclude Include="DeleteItemInputCommand.h">
      <Filter>input_command</Filter>
    </ClInclude>
    <ClInclude Include="SaveInputCommand.h">
      <Filter>input_command</Filter>
    </ClInclude>
    <ClInclude Include="ReplaceTextCommandParser.h">
      <Filter>command_parser</Filter>
    </ClInclude>
    <ClInclude Include="ResizeImageCommandParser.h">
      <Filter>command_parser</Filter>
    </ClInclude>
    <ClInclude Include="DeleteItemCommandParser.h">
      <Filter>command_parser</Filter>
    </ClInclude>
    <ClInclude Include="SaveCommandParser.h">
      <Filter>command_parser</Filter>
    </ClInclude>
    <ClInclude Include="Image.h">
      <Filter>document</Filter>
    </ClInclude>
    <ClInclude Include="Paragraph.h">
      <Filter>document</Filter>
    </ClInclude>
    <ClInclude Include="InvalidPositionException.h">
      <Filter>document</Filter>
    </ClInclude>
    <ClInclude Include="Command.h">
      <Filter>document\command</Filter>
    </ClInclude>
    <ClInclude Include="CommandHistory.h">
      <Filter>document\command</Filter>
    </ClInclude>
    <ClInclude Include="InputCommandType.h">
      <Filter>input_command</Filter>
    </ClInclude>
    <ClInclude Include="IsValueInArray.h">
      <Filter>utils</Filter>
    </ClInclude>
    <ClInclude Include="InputCommandExecutor.h">
      <Filter>input_command</Filter>
    </ClInclude>
    <ClInclude Include="HelpCommandExecutor.h">
      <Filter>input_command</Filter>
    </ClInclude>
    <ClInclude Include="InsertParagraphCommand.h">
      <Filter>document\command</Filter>
    </ClInclude>
    <ClInclude Include="IInputCommandExecutor.h">
      <Filter>input_command</Filter>
    </ClInclude>
    <ClInclude Include="IDocumentImpl.h">
      <Filter>document</Filter>
    </ClInclude>
    <ClInclude Include="DocumentImpl.h">
      <Filter>document</Filter>
    </ClInclude>
    <ClInclude Include="DocumentItemPosition.h">
      <Filter>input_command</Filter>
    </ClInclude>
    <ClInclude Include="DeleteItemCommand.h">
      <Filter>document\command</Filter>
    </ClInclude>
    <ClInclude Include="InsertImageCommand.h">
      <Filter>document\command</Filter>
    </ClInclude>
    <ClInclude Include="CompositeCommand.h">
      <Filter>document\command</Filter>
    </ClInclude>
    <ClInclude Include="InputCommandsReader.h">
      <Filter>Header Files</Filter>
    </ClInclude>
    <ClInclude Include="DocumentDumper.h">
      <Filter>document</Filter>
    </ClInclude>
    <ClInclude Include="Exception.h">
      <Filter>utils</Filter>
    </ClInclude>
    <ClInclude Include="SetTitleCommand.h">
      <Filter>document\command</Filter>
    </ClInclude>
    <ClInclude Include="ReplaceTextCommand.h">
      <Filter>document\command</Filter>
    </ClInclude>
    <ClInclude Include="ResizeImageCommand.h">
      <Filter>document\command</Filter>
    </ClInclude>
    <ClInclude Include="ImageResource.h">
      <Filter>resources</Filter>
    </ClInclude>
    <ClInclude Include="ResourceManager.h">
      <Filter>resources</Filter>
    </ClInclude>
    <ClInclude Include="DocumentResources.h">
      <Filter>resources</Filter>
    </ClInclude>
    <ClInclude Include="Resource.h">
      <Filter>resources</Filter>
    </ClInclude>
    <ClInclude Include="IResource.h">
      <Filter>resources</Filter>
    </ClInclude>
    <ClInclude Include="StringUtils.h">
      <Filter>utils</Filter>
    </ClInclude>
    <ClInclude Include="DocumentToHtmlConvertor.h">
      <Filter>document\html</Filter>
    </ClInclude>
    <ClInclude Include="HtmlUtils.h">
      <Filter>document\html</Filter>
    </ClInclude>
    <ClInclude Include="FileUtils.h">
      <Filter>utils</Filter>
    </ClInclude>
  </ItemGroup>
  <ItemGroup>
    <ClCompile Include="stdafx.cpp">
      <Filter>Source Files</Filter>
    </ClCompile>
    <ClCompile Include="Document.cpp">
      <Filter>document</Filter>
    </ClCompile>
    <ClCompile Include="InputCommandParser.cpp">
      <Filter>command_parser</Filter>
    </ClCompile>
    <ClCompile Include="InsertParagraphCommandParser.cpp">
      <Filter>command_parser</Filter>
    </ClCompile>
    <ClCompile Include="PositionParser.cpp">
      <Filter>command_parser</Filter>
    </ClCompile>
    <ClCompile Include="InsertImageCommandParser.cpp">
      <Filter>command_parser</Filter>
    </ClCompile>
    <ClCompile Include="SetTitleCommandParser.cpp">
      <Filter>command_parser</Filter>
    </ClCompile>
    <ClCompile Include="CommandParser.cpp">
      <Filter>command_parser</Filter>
    </ClCompile>
    <ClCompile Include="ReplaceTextCommandParser.cpp">
      <Filter>command_parser</Filter>
    </ClCompile>
    <ClCompile Include="ResizeImageCommandParser.cpp">
      <Filter>command_parser</Filter>
    </ClCompile>
    <ClCompile Include="DeleteItemCommandParser.cpp">
      <Filter>command_parser</Filter>
    </ClCompile>
    <ClCompile Include="SaveCommandParser.cpp">
      <Filter>command_parser</Filter>
    </ClCompile>
    <ClCompile Include="Image.cpp">
      <Filter>document</Filter>
    </ClCompile>
    <ClCompile Include="Paragraph.cpp">
      <Filter>document</Filter>
    </ClCompile>
    <ClCompile Include="ConstDocumentItem.cpp">
      <Filter>document</Filter>
    </ClCompile>
    <ClCompile Include="DocumentItem.cpp">
      <Filter>document</Filter>
    </ClCompile>
    <ClCompile Include="Command.cpp">
      <Filter>document\command</Filter>
    </ClCompile>
    <ClCompile Include="CommandHistory.cpp">
      <Filter>document\command</Filter>
    </ClCompile>
    <ClCompile Include="InputCommandType.cpp">
      <Filter>input_command</Filter>
    </ClCompile>
    <ClCompile Include="InputCommandExecutor.cpp">
      <Filter>input_command</Filter>
    </ClCompile>
    <ClCompile Include="HelpCommandExecutor.cpp">
      <Filter>input_command</Filter>
    </ClCompile>
    <ClCompile Include="InputCommand.cpp">
      <Filter>input_command</Filter>
    </ClCompile>
    <ClCompile Include="SaveInputCommand.cpp">
      <Filter>input_command</Filter>
    </ClCompile>
    <ClCompile Include="DeleteItemInputCommand.cpp">
      <Filter>input_command</Filter>
    </ClCompile>
    <ClCompile Include="SetTitleInputCommand.cpp">
      <Filter>input_command</Filter>
    </ClCompile>
    <ClCompile Include="ResizeImageInputCommand.cpp">
      <Filter>input_command</Filter>
    </ClCompile>
    <ClCompile Include="ReplaceTextInputCommand.cpp">
      <Filter>input_command</Filter>
    </ClCompile>
    <ClCompile Include="InsertParagraphInputCommand.cpp">
      <Filter>input_command</Filter>
    </ClCompile>
    <ClCompile Include="InsertImageInputCommand.cpp">
      <Filter>input_command</Filter>
    </ClCompile>
    <ClCompile Include="InsertParagraphCommand.cpp">
      <Filter>document\command</Filter>
    </ClCompile>
    <ClCompile Include="DocumentImpl.cpp">
      <Filter>document</Filter>
    </ClCompile>
    <ClCompile Include="DeleteItemCommand.cpp">
      <Filter>document\command</Filter>
    </ClCompile>
    <ClCompile Include="InsertImageCommand.cpp">
      <Filter>document\command</Filter>
    </ClCompile>
    <ClCompile Include="CompositeCommand.cpp">
      <Filter>document\command</Filter>
    </ClCompile>
    <ClCompile Include="InputCommandsReader.cpp">
      <Filter>Source Files</Filter>
    </ClCompile>
    <ClCompile Include="DocumentDumper.cpp">
      <Filter>document</Filter>
    </ClCompile>
    <ClCompile Include="Exception.cpp">
      <Filter>utils</Filter>
    </ClCompile>
    <ClCompile Include="SetTitleCommand.cpp">
      <Filter>document\command</Filter>
    </ClCompile>
    <ClCompile Include="ReplaceTextCommand.cpp">
      <Filter>document\command</Filter>
    </ClCompile>
    <ClCompile Include="ResizeImageCommand.cpp">
      <Filter>document\command</Filter>
    </ClCompile>
    <ClCompile Include="ImageResource.cpp">
      <Filter>resources</Filter>
    </ClCompile>
    <ClCompile Include="ResourceManager.cpp">
      <Filter>resources</Filter>
    </ClCompile>
    <ClCompile Include="DocumentResources.cpp">
      <Filter>resources</Filter>
    </ClCompile>
    <ClCompile Include="Resource.cpp">
      <Filter>resources</Filter>
    </ClCompile>
    <ClCompile Include="StringUtils.cpp">
      <Filter>utils</Filter>
    </ClCompile>
    <ClCompile Include="DocumentToHtmlConvertor.cpp">
      <Filter>document\html</Filter>
    </ClCompile>
    <ClCompile Include="HtmlUtils.cpp">
      <Filter>document\html</Filter>
    </ClCompile>
    <ClCompile Include="FileUtils.cpp">
      <Filter>utils</Filter>
    </ClCompile>
  </ItemGroup>
</Project>